
Microsoft Visual Studio Solution File, Format Version 12.00
# Visual Studio Version 17
VisualStudioVersion = 17.6.33829.357
MinimumVisualStudioVersion = 10.0.40219.1
Project("{FAE04EC0-301F-11D3-BF4B-00C04F79EFBC}") = "MyModule", "MyModule\MyModule.csproj", "{F125597E-27AF-4F7F-9CB5-814A36AA0D74}"
EndProject
Project("{FAE04EC0-301F-11D3-BF4B-00C04F79EFBC}") = "DAL", "DAL\DAL.csproj", "{9A99F00B-B795-41D5-9E3C-F259BBDBA307}"
EndProject
Project("{FAE04EC0-301F-11D3-BF4B-00C04F79EFBC}") = "BOL", "BOL\BOL.csproj", "{BC8B1DC8-59EC-4F5A-95B3-DA97BDF91E47}"
EndProject
Global
	GlobalSection(SolutionConfigurationPlatforms) = preSolution
		Debug|Any CPU = Debug|Any CPU
		Release|Any CPU = Release|Any CPU
	EndGlobalSection
	GlobalSection(ProjectConfigurationPlatforms) = postSolution
		{F125597E-27AF-4F7F-9CB5-814A36AA0D74}.Debug|Any CPU.ActiveCfg = Debug|Any CPU
		{F125597E-27AF-4F7F-9CB5-814A36AA0D74}.Debug|Any CPU.Build.0 = Debug|Any CPU
		{F125597E-27AF-4F7F-9CB5-814A36AA0D74}.Release|Any CPU.ActiveCfg = Release|Any CPU
		{F125597E-27AF-4F7F-9CB5-814A36AA0D74}.Release|Any CPU.Build.0 = Release|Any CPU
		{9A99F00B-B795-41D5-9E3C-F259BBDBA307}.Debug|Any CPU.ActiveCfg = Debug|Any CPU
		{9A99F00B-B795-41D5-9E3C-F259BBDBA307}.Debug|Any CPU.Build.0 = Debug|Any CPU
		{9A99F00B-B795-41D5-9E3C-F259BBDBA307}.Release|Any CPU.ActiveCfg = Release|Any CPU
		{9A99F00B-B795-41D5-9E3C-F259BBDBA307}.Release|Any CPU.Build.0 = Release|Any CPU
		{BC8B1DC8-59EC-4F5A-95B3-DA97BDF91E47}.Debug|Any CPU.ActiveCfg = Debug|Any CPU
		{BC8B1DC8-59EC-4F5A-95B3-DA97BDF91E47}.Debug|Any CPU.Build.0 = Debug|Any CPU
		{BC8B1DC8-59EC-4F5A-95B3-DA97BDF91E47}.Release|Any CPU.ActiveCfg = Release|Any CPU
		{BC8B1DC8-59EC-4F5A-95B3-DA97BDF91E47}.Release|Any CPU.Build.0 = Release|Any CPU
	EndGlobalSection
	GlobalSection(SolutionProperties) = preSolution
		HideSolutionNode = FALSE
	EndGlobalSection
	GlobalSection(ExtensibilityGlobals) = postSolution
		SolutionGuid = {EA6EDE59-6DF5-4B70-ACE0-1F88D6D24A87}
	EndGlobalSection
EndGlobal
